
Microsoft Visual Studio Solution File, Format Version 12.00
# Visual Studio Version 17
VisualStudioVersion = 17.3.32922.545
MinimumVisualStudioVersion = 10.0.40219.1
Project("{FAE04EC0-301F-11D3-BF4B-00C04F79EFBC}") = "PrimeraEntrega", "PrimeraEntrega\PrimeraEntrega.csproj", "{EBBDCD62-DAF5-4CFE-91EC-70AC398903A0}"
EndProject
Global
	GlobalSection(SolutionConfigurationPlatforms) = preSolution
		Debug|Any CPU = Debug|Any CPU
		Release|Any CPU = Release|Any CPU
	EndGlobalSection
	GlobalSection(ProjectConfigurationPlatforms) = postSolution
		{EBBDCD62-DAF5-4CFE-91EC-70AC398903A0}.Debug|Any CPU.ActiveCfg = Debug|Any CPU
		{EBBDCD62-DAF5-4CFE-91EC-70AC398903A0}.Debug|Any CPU.Build.0 = Debug|Any CPU
		{EBBDCD62-DAF5-4CFE-91EC-70AC398903A0}.Release|Any CPU.ActiveCfg = Release|Any CPU
		{EBBDCD62-DAF5-4CFE-91EC-70AC398903A0}.Release|Any CPU.Build.0 = Release|Any CPU
	EndGlobalSection
	GlobalSection(SolutionProperties) = preSolution
		HideSolutionNode = FALSE
	EndGlobalSection
	GlobalSection(ExtensibilityGlobals) = postSolution
		SolutionGuid = {6DAEE7B8-FA3C-4AB5-A7C7-C81499C63B05}
	EndGlobalSection
EndGlobal
