
Microsoft Visual Studio Solution File, Format Version 12.00
# Visual Studio Version 17
VisualStudioVersion = 17.3.32922.545
MinimumVisualStudioVersion = 10.0.40219.1
Project("{FAE04EC0-301F-11D3-BF4B-00C04F79EFBC}") = "CursoCSharp", "CursoCSharp\CursoCSharp.csproj", "{7C71EA37-87A5-4F30-B506-59C1C76632FC}"
EndProject
Global
	GlobalSection(SolutionConfigurationPlatforms) = preSolution
		Debug|Any CPU = Debug|Any CPU
		Release|Any CPU = Release|Any CPU
	EndGlobalSection
	GlobalSection(ProjectConfigurationPlatforms) = postSolution
		{7C71EA37-87A5-4F30-B506-59C1C76632FC}.Debug|Any CPU.ActiveCfg = Debug|Any CPU
		{7C71EA37-87A5-4F30-B506-59C1C76632FC}.Debug|Any CPU.Build.0 = Debug|Any CPU
		{7C71EA37-87A5-4F30-B506-59C1C76632FC}.Release|Any CPU.ActiveCfg = Release|Any CPU
		{7C71EA37-87A5-4F30-B506-59C1C76632FC}.Release|Any CPU.Build.0 = Release|Any CPU
	EndGlobalSection
	GlobalSection(SolutionProperties) = preSolution
		HideSolutionNode = FALSE
	EndGlobalSection
	GlobalSection(ExtensibilityGlobals) = postSolution
		SolutionGuid = {6DAEE7B8-FA3C-4AB5-A7C7-C81499C63B05}
	EndGlobalSection
EndGlobal
